
Microsoft Visual Studio Solution File, Format Version 12.00
# Visual Studio 15
VisualStudioVersion = 15.0.27130.2036
MinimumVisualStudioVersion = 10.0.40219.1
Project("{FAE04EC0-301F-11D3-BF4B-00C04F79EFBC}") = "Capitulo01.Variaveis", "Capitulo01.Variaveis\Capitulo01.Variaveis.csproj", "{FE2153D0-4B81-493C-9FEA-D8AA9C5761C8}"
EndProject
Project("{FAE04EC0-301F-11D3-BF4B-00C04F79EFBC}") = "Capitulo01.Troco", "Capitulo01.Troco\Capitulo01.Troco.csproj", "{E77D6BEE-C770-4FE1-88E0-C3A8865EF395}"
EndProject
Project("{FAE04EC0-301F-11D3-BF4B-00C04F79EFBC}") = "Capitulo02.Fretes", "Capitulo02.Fretes\Capitulo02.Fretes.csproj", "{1CE94066-5C46-4942-8975-50CFB5C1E666}"
EndProject
Project("{FAE04EC0-301F-11D3-BF4B-00C04F79EFBC}") = "Capitulo02.Tabuada", "Capitulo02.Tabuada\Capitulo02.Tabuada.csproj", "{BE85A8CD-E2A9-4A22-ADE1-2600E8394A1A}"
EndProject
Project("{FAE04EC0-301F-11D3-BF4B-00C04F79EFBC}") = "Capitulo02.Repeticao.Testes", "Capitulo02.Repeticao.Testes\Capitulo02.Repeticao.Testes.csproj", "{F7E5183D-FEEB-496B-BC32-A39F2E02B6DB}"
EndProject
Project("{FAE04EC0-301F-11D3-BF4B-00C04F79EFBC}") = "Oficina.Dominio", "Oficina.Dominio\Oficina.Dominio.csproj", "{E87FF576-64DD-4F47-B69D-DEC71C43CAFF}"
EndProject
Project("{FAE04EC0-301F-11D3-BF4B-00C04F79EFBC}") = "Oficina.Repositorios.SistemaArquivos", "Oficina.Repositorios.SistemaArquivos\Oficina.Repositorios.SistemaArquivos.csproj", "{C7F22ABE-E75D-452C-B50F-0786970D67F8}"
EndProject
Project("{FAE04EC0-301F-11D3-BF4B-00C04F79EFBC}") = "Oficina.Repositorios.SistemaArquivosTests", "Oficina.Repositorios.SistemaArquivosTests\Oficina.Repositorios.SistemaArquivosTests.csproj", "{BFAA0F2C-5692-4B42-901E-59785E9D0E4B}"
EndProject
Project("{2150E333-8FDC-42A3-9474-1A3956D46DE8}") = "Oficina", "Oficina", "{0CCEE109-3B04-467D-931F-45B84F6843DF}"
EndProject
Project("{FAE04EC0-301F-11D3-BF4B-00C04F79EFBC}") = "Capítulo06.http.testes", "Capítulo06.http.testes\Capítulo06.http.testes.csproj", "{C34B06DC-502E-4FB8-BD9E-B714F41238DD}"
EndProject
Project("{FAE04EC0-301F-11D3-BF4B-00C04F79EFBC}") = "Oficina.AspNet", "Oficina.AspNet\Oficina.AspNet.csproj", "{8A3BE53E-3289-4DFA-A9F7-E632844D16EE}"
EndProject
Project("{FAE04EC0-301F-11D3-BF4B-00C04F79EFBC}") = "Capitulo04.Colecoes.Testes", "Capitulo04.Colecoes.Testes\Capitulo04.Colecoes.Testes.csproj", "{D238237E-6D8D-4663-B20C-90733DC20AD1}"
EndProject
Project("{2150E333-8FDC-42A3-9474-1A3956D46DE8}") = "Pessoal", "Pessoal", "{F6E1D0C0-B891-40FA-A09C-F7095D25171F}"
EndProject
Project("{FAE04EC0-301F-11D3-BF4B-00C04F79EFBC}") = "Pessoal.Dominio", "Pessoal.Dominio\Pessoal.Dominio.csproj", "{CB3C8332-7A3E-4A21-B234-1F8D723D2313}"
EndProject
Project("{FAE04EC0-301F-11D3-BF4B-00C04F79EFBC}") = "Pessoal.Repositorios.SqlServer", "Pessoal.Repositorios.SqlServer\Pessoal.Repositorios.SqlServer.csproj", "{003B5437-B6E6-4C82-A192-B65ECF0EBD96}"
EndProject
Project("{FAE04EC0-301F-11D3-BF4B-00C04F79EFBC}") = "Pessoal.Repositorios.SqlServerTests", "Pessoal.Repositorios.SqlServerTests\Pessoal.Repositorios.SqlServerTests.csproj", "{9FC1C536-4836-4799-80BF-559BE3C838C3}"
EndProject
Global
	GlobalSection(SolutionConfigurationPlatforms) = preSolution
		Debug|Any CPU = Debug|Any CPU
		Release|Any CPU = Release|Any CPU
	EndGlobalSection
	GlobalSection(ProjectConfigurationPlatforms) = postSolution
		{FE2153D0-4B81-493C-9FEA-D8AA9C5761C8}.Debug|Any CPU.ActiveCfg = Debug|Any CPU
		{FE2153D0-4B81-493C-9FEA-D8AA9C5761C8}.Debug|Any CPU.Build.0 = Debug|Any CPU
		{FE2153D0-4B81-493C-9FEA-D8AA9C5761C8}.Release|Any CPU.ActiveCfg = Release|Any CPU
		{FE2153D0-4B81-493C-9FEA-D8AA9C5761C8}.Release|Any CPU.Build.0 = Release|Any CPU
		{E77D6BEE-C770-4FE1-88E0-C3A8865EF395}.Debug|Any CPU.ActiveCfg = Debug|Any CPU
		{E77D6BEE-C770-4FE1-88E0-C3A8865EF395}.Debug|Any CPU.Build.0 = Debug|Any CPU
		{E77D6BEE-C770-4FE1-88E0-C3A8865EF395}.Release|Any CPU.ActiveCfg = Release|Any CPU
		{E77D6BEE-C770-4FE1-88E0-C3A8865EF395}.Release|Any CPU.Build.0 = Release|Any CPU
		{1CE94066-5C46-4942-8975-50CFB5C1E666}.Debug|Any CPU.ActiveCfg = Debug|Any CPU
		{1CE94066-5C46-4942-8975-50CFB5C1E666}.Debug|Any CPU.Build.0 = Debug|Any CPU
		{1CE94066-5C46-4942-8975-50CFB5C1E666}.Release|Any CPU.ActiveCfg = Release|Any CPU
		{1CE94066-5C46-4942-8975-50CFB5C1E666}.Release|Any CPU.Build.0 = Release|Any CPU
		{BE85A8CD-E2A9-4A22-ADE1-2600E8394A1A}.Debug|Any CPU.ActiveCfg = Debug|Any CPU
		{BE85A8CD-E2A9-4A22-ADE1-2600E8394A1A}.Debug|Any CPU.Build.0 = Debug|Any CPU
		{BE85A8CD-E2A9-4A22-ADE1-2600E8394A1A}.Release|Any CPU.ActiveCfg = Release|Any CPU
		{BE85A8CD-E2A9-4A22-ADE1-2600E8394A1A}.Release|Any CPU.Build.0 = Release|Any CPU
		{F7E5183D-FEEB-496B-BC32-A39F2E02B6DB}.Debug|Any CPU.ActiveCfg = Debug|Any CPU
		{F7E5183D-FEEB-496B-BC32-A39F2E02B6DB}.Debug|Any CPU.Build.0 = Debug|Any CPU
		{F7E5183D-FEEB-496B-BC32-A39F2E02B6DB}.Release|Any CPU.ActiveCfg = Release|Any CPU
		{F7E5183D-FEEB-496B-BC32-A39F2E02B6DB}.Release|Any CPU.Build.0 = Release|Any CPU
		{E87FF576-64DD-4F47-B69D-DEC71C43CAFF}.Debug|Any CPU.ActiveCfg = Debug|Any CPU
		{E87FF576-64DD-4F47-B69D-DEC71C43CAFF}.Debug|Any CPU.Build.0 = Debug|Any CPU
		{E87FF576-64DD-4F47-B69D-DEC71C43CAFF}.Release|Any CPU.ActiveCfg = Release|Any CPU
		{E87FF576-64DD-4F47-B69D-DEC71C43CAFF}.Release|Any CPU.Build.0 = Release|Any CPU
		{C7F22ABE-E75D-452C-B50F-0786970D67F8}.Debug|Any CPU.ActiveCfg = Debug|Any CPU
		{C7F22ABE-E75D-452C-B50F-0786970D67F8}.Debug|Any CPU.Build.0 = Debug|Any CPU
		{C7F22ABE-E75D-452C-B50F-0786970D67F8}.Release|Any CPU.ActiveCfg = Release|Any CPU
		{C7F22ABE-E75D-452C-B50F-0786970D67F8}.Release|Any CPU.Build.0 = Release|Any CPU
		{BFAA0F2C-5692-4B42-901E-59785E9D0E4B}.Debug|Any CPU.ActiveCfg = Debug|Any CPU
		{BFAA0F2C-5692-4B42-901E-59785E9D0E4B}.Debug|Any CPU.Build.0 = Debug|Any CPU
		{BFAA0F2C-5692-4B42-901E-59785E9D0E4B}.Release|Any CPU.ActiveCfg = Release|Any CPU
		{BFAA0F2C-5692-4B42-901E-59785E9D0E4B}.Release|Any CPU.Build.0 = Release|Any CPU
		{C34B06DC-502E-4FB8-BD9E-B714F41238DD}.Debug|Any CPU.ActiveCfg = Debug|Any CPU
		{C34B06DC-502E-4FB8-BD9E-B714F41238DD}.Debug|Any CPU.Build.0 = Debug|Any CPU
		{C34B06DC-502E-4FB8-BD9E-B714F41238DD}.Release|Any CPU.ActiveCfg = Release|Any CPU
		{C34B06DC-502E-4FB8-BD9E-B714F41238DD}.Release|Any CPU.Build.0 = Release|Any CPU
		{8A3BE53E-3289-4DFA-A9F7-E632844D16EE}.Debug|Any CPU.ActiveCfg = Debug|Any CPU
		{8A3BE53E-3289-4DFA-A9F7-E632844D16EE}.Debug|Any CPU.Build.0 = Debug|Any CPU
		{8A3BE53E-3289-4DFA-A9F7-E632844D16EE}.Release|Any CPU.ActiveCfg = Release|Any CPU
		{8A3BE53E-3289-4DFA-A9F7-E632844D16EE}.Release|Any CPU.Build.0 = Release|Any CPU
		{D238237E-6D8D-4663-B20C-90733DC20AD1}.Debug|Any CPU.ActiveCfg = Debug|Any CPU
		{D238237E-6D8D-4663-B20C-90733DC20AD1}.Debug|Any CPU.Build.0 = Debug|Any CPU
		{D238237E-6D8D-4663-B20C-90733DC20AD1}.Release|Any CPU.ActiveCfg = Release|Any CPU
		{D238237E-6D8D-4663-B20C-90733DC20AD1}.Release|Any CPU.Build.0 = Release|Any CPU
		{CB3C8332-7A3E-4A21-B234-1F8D723D2313}.Debug|Any CPU.ActiveCfg = Debug|Any CPU
		{CB3C8332-7A3E-4A21-B234-1F8D723D2313}.Debug|Any CPU.Build.0 = Debug|Any CPU
		{CB3C8332-7A3E-4A21-B234-1F8D723D2313}.Release|Any CPU.ActiveCfg = Release|Any CPU
		{CB3C8332-7A3E-4A21-B234-1F8D723D2313}.Release|Any CPU.Build.0 = Release|Any CPU
		{003B5437-B6E6-4C82-A192-B65ECF0EBD96}.Debug|Any CPU.ActiveCfg = Debug|Any CPU
		{003B5437-B6E6-4C82-A192-B65ECF0EBD96}.Debug|Any CPU.Build.0 = Debug|Any CPU
		{003B5437-B6E6-4C82-A192-B65ECF0EBD96}.Release|Any CPU.ActiveCfg = Release|Any CPU
		{003B5437-B6E6-4C82-A192-B65ECF0EBD96}.Release|Any CPU.Build.0 = Release|Any CPU
		{9FC1C536-4836-4799-80BF-559BE3C838C3}.Debug|Any CPU.ActiveCfg = Debug|Any CPU
		{9FC1C536-4836-4799-80BF-559BE3C838C3}.Debug|Any CPU.Build.0 = Debug|Any CPU
		{9FC1C536-4836-4799-80BF-559BE3C838C3}.Release|Any CPU.ActiveCfg = Release|Any CPU
		{9FC1C536-4836-4799-80BF-559BE3C838C3}.Release|Any CPU.Build.0 = Release|Any CPU
	EndGlobalSection
	GlobalSection(SolutionProperties) = preSolution
		HideSolutionNode = FALSE
	EndGlobalSection
	GlobalSection(NestedProjects) = preSolution
		{E87FF576-64DD-4F47-B69D-DEC71C43CAFF} = {0CCEE109-3B04-467D-931F-45B84F6843DF}
		{C7F22ABE-E75D-452C-B50F-0786970D67F8} = {0CCEE109-3B04-467D-931F-45B84F6843DF}
		{BFAA0F2C-5692-4B42-901E-59785E9D0E4B} = {0CCEE109-3B04-467D-931F-45B84F6843DF}
		{8A3BE53E-3289-4DFA-A9F7-E632844D16EE} = {0CCEE109-3B04-467D-931F-45B84F6843DF}
		{CB3C8332-7A3E-4A21-B234-1F8D723D2313} = {F6E1D0C0-B891-40FA-A09C-F7095D25171F}
		{003B5437-B6E6-4C82-A192-B65ECF0EBD96} = {F6E1D0C0-B891-40FA-A09C-F7095D25171F}
		{9FC1C536-4836-4799-80BF-559BE3C838C3} = {F6E1D0C0-B891-40FA-A09C-F7095D25171F}
	EndGlobalSection
	GlobalSection(ExtensibilityGlobals) = postSolution
		SolutionGuid = {EAC1F07A-2DBD-47AE-9836-667B59423BAF}
	EndGlobalSection
EndGlobal
