
Microsoft Visual Studio Solution File, Format Version 12.00
# Visual Studio 15
VisualStudioVersion = 15.0.27004.2008
MinimumVisualStudioVersion = 10.0.40219.1
Project("{FAE04EC0-301F-11D3-BF4B-00C04F79EFBC}") = "Capitulo01.Variaveis", "Capitulo01.Variaveis\Capitulo01.Variaveis.csproj", "{FE2153D0-4B81-493C-9FEA-D8AA9C5761C8}"
EndProject
Project("{FAE04EC0-301F-11D3-BF4B-00C04F79EFBC}") = "Capitulo01.Troco", "Capitulo01.Troco\Capitulo01.Troco.csproj", "{E77D6BEE-C770-4FE1-88E0-C3A8865EF395}"
EndProject
Project("{FAE04EC0-301F-11D3-BF4B-00C04F79EFBC}") = "Capitulo02.Fretes", "Capitulo02.Fretes\Capitulo02.Fretes.csproj", "{1CE94066-5C46-4942-8975-50CFB5C1E666}"
EndProject
Project("{FAE04EC0-301F-11D3-BF4B-00C04F79EFBC}") = "Capitulo02.Tabuada", "Capitulo02.Tabuada\Capitulo02.Tabuada.csproj", "{BE85A8CD-E2A9-4A22-ADE1-2600E8394A1A}"
EndProject
Project("{FAE04EC0-301F-11D3-BF4B-00C04F79EFBC}") = "Capitulo02.Repeticao.Testes", "Capitulo02.Repeticao.Testes\Capitulo02.Repeticao.Testes.csproj", "{F7E5183D-FEEB-496B-BC32-A39F2E02B6DB}"
EndProject
Global
	GlobalSection(SolutionConfigurationPlatforms) = preSolution
		Debug|Any CPU = Debug|Any CPU
		Release|Any CPU = Release|Any CPU
	EndGlobalSection
	GlobalSection(ProjectConfigurationPlatforms) = postSolution
		{FE2153D0-4B81-493C-9FEA-D8AA9C5761C8}.Debug|Any CPU.ActiveCfg = Debug|Any CPU
		{FE2153D0-4B81-493C-9FEA-D8AA9C5761C8}.Debug|Any CPU.Build.0 = Debug|Any CPU
		{FE2153D0-4B81-493C-9FEA-D8AA9C5761C8}.Release|Any CPU.ActiveCfg = Release|Any CPU
		{FE2153D0-4B81-493C-9FEA-D8AA9C5761C8}.Release|Any CPU.Build.0 = Release|Any CPU
		{E77D6BEE-C770-4FE1-88E0-C3A8865EF395}.Debug|Any CPU.ActiveCfg = Debug|Any CPU
		{E77D6BEE-C770-4FE1-88E0-C3A8865EF395}.Debug|Any CPU.Build.0 = Debug|Any CPU
		{E77D6BEE-C770-4FE1-88E0-C3A8865EF395}.Release|Any CPU.ActiveCfg = Release|Any CPU
		{E77D6BEE-C770-4FE1-88E0-C3A8865EF395}.Release|Any CPU.Build.0 = Release|Any CPU
		{1CE94066-5C46-4942-8975-50CFB5C1E666}.Debug|Any CPU.ActiveCfg = Debug|Any CPU
		{1CE94066-5C46-4942-8975-50CFB5C1E666}.Debug|Any CPU.Build.0 = Debug|Any CPU
		{1CE94066-5C46-4942-8975-50CFB5C1E666}.Release|Any CPU.ActiveCfg = Release|Any CPU
		{1CE94066-5C46-4942-8975-50CFB5C1E666}.Release|Any CPU.Build.0 = Release|Any CPU
		{BE85A8CD-E2A9-4A22-ADE1-2600E8394A1A}.Debug|Any CPU.ActiveCfg = Debug|Any CPU
		{BE85A8CD-E2A9-4A22-ADE1-2600E8394A1A}.Debug|Any CPU.Build.0 = Debug|Any CPU
		{BE85A8CD-E2A9-4A22-ADE1-2600E8394A1A}.Release|Any CPU.ActiveCfg = Release|Any CPU
		{BE85A8CD-E2A9-4A22-ADE1-2600E8394A1A}.Release|Any CPU.Build.0 = Release|Any CPU
		{F7E5183D-FEEB-496B-BC32-A39F2E02B6DB}.Debug|Any CPU.ActiveCfg = Debug|Any CPU
		{F7E5183D-FEEB-496B-BC32-A39F2E02B6DB}.Debug|Any CPU.Build.0 = Debug|Any CPU
		{F7E5183D-FEEB-496B-BC32-A39F2E02B6DB}.Release|Any CPU.ActiveCfg = Release|Any CPU
		{F7E5183D-FEEB-496B-BC32-A39F2E02B6DB}.Release|Any CPU.Build.0 = Release|Any CPU
	EndGlobalSection
	GlobalSection(SolutionProperties) = preSolution
		HideSolutionNode = FALSE
	EndGlobalSection
	GlobalSection(ExtensibilityGlobals) = postSolution
		SolutionGuid = {EAC1F07A-2DBD-47AE-9836-667B59423BAF}
	EndGlobalSection
EndGlobal
